
Microsoft Visual Studio Solution File, Format Version 12.00
# Visual Studio Version 17
VisualStudioVersion = 17.11.35312.102
MinimumVisualStudioVersion = 10.0.40219.1
Project("{FAE04EC0-301F-11D3-BF4B-00C04F79EFBC}") = "FinalProjectWeek9", "FinalProjectWeek9\FinalProjectWeek9.csproj", "{B25E677C-D208-482B-B96B-AB8BFA425379}"
EndProject
Global
	GlobalSection(SolutionConfigurationPlatforms) = preSolution
		Debug|Any CPU = Debug|Any CPU
		Release|Any CPU = Release|Any CPU
	EndGlobalSection
	GlobalSection(ProjectConfigurationPlatforms) = postSolution
		{B25E677C-D208-482B-B96B-AB8BFA425379}.Debug|Any CPU.ActiveCfg = Debug|Any CPU
		{B25E677C-D208-482B-B96B-AB8BFA425379}.Debug|Any CPU.Build.0 = Debug|Any CPU
		{B25E677C-D208-482B-B96B-AB8BFA425379}.Release|Any CPU.ActiveCfg = Release|Any CPU
		{B25E677C-D208-482B-B96B-AB8BFA425379}.Release|Any CPU.Build.0 = Release|Any CPU
	EndGlobalSection
	GlobalSection(SolutionProperties) = preSolution
		HideSolutionNode = FALSE
	EndGlobalSection
	GlobalSection(ExtensibilityGlobals) = postSolution
		SolutionGuid = {7F6BD9BB-5E69-4D24-BE1C-C2BC0AB4BCFD}
	EndGlobalSection
EndGlobal
